# This file is autogenerated, do not edit; changes may be undone by the next 'dep ensure'.


[[projects]]
  branch = "master"
  name = "github.com/golang/protobuf"
  packages = ["proto"]
  revision = "1e59b77b52bf8e4b449a57e6f79f21226d571845"

[[projects]]
  branch = "master"
  name = "github.ibm.com/bhaesler/hyperledger-fabric-invoke-go"
  packages = ["invoke"]
  revision = "baf548f14fde2d8504b86dd0ad2e9eb4ca511dac"

[solve-meta]
  analyzer-name = "dep"
  analyzer-version = 1
  inputs-digest = "dc78a6d690564278475cbe549fe307df0d8996d8a0b75a0a38da39e053f104cc"
  solver-name = "gps-cdcl"
  solver-version = 1
